
Microsoft Visual Studio Solution File, Format Version 12.00
# Visual Studio Version 16
VisualStudioVersion = 16.0.31624.102
MinimumVisualStudioVersion = 10.0.40219.1
Project("{FAE04EC0-301F-11D3-BF4B-00C04F79EFBC}") = "SkromNWSRPG", "SkromNWSRPG\SkromNWSRPG.csproj", "{382EFF35-E5C1-42E8-B2B7-73E13B17D10C}"
EndProject
Project("{FAE04EC0-301F-11D3-BF4B-00C04F79EFBC}") = "SkromRPGTests", "SkromRPGTests\SkromRPGTests.csproj", "{33F7450A-ECEA-4ED1-B888-169B646DE927}"
EndProject
Global
	GlobalSection(SolutionConfigurationPlatforms) = preSolution
		Debug|Any CPU = Debug|Any CPU
		Release|Any CPU = Release|Any CPU
	EndGlobalSection
	GlobalSection(ProjectConfigurationPlatforms) = postSolution
		{382EFF35-E5C1-42E8-B2B7-73E13B17D10C}.Debug|Any CPU.ActiveCfg = Debug|Any CPU
		{382EFF35-E5C1-42E8-B2B7-73E13B17D10C}.Debug|Any CPU.Build.0 = Debug|Any CPU
		{382EFF35-E5C1-42E8-B2B7-73E13B17D10C}.Release|Any CPU.ActiveCfg = Release|Any CPU
		{382EFF35-E5C1-42E8-B2B7-73E13B17D10C}.Release|Any CPU.Build.0 = Release|Any CPU
		{33F7450A-ECEA-4ED1-B888-169B646DE927}.Debug|Any CPU.ActiveCfg = Debug|Any CPU
		{33F7450A-ECEA-4ED1-B888-169B646DE927}.Debug|Any CPU.Build.0 = Debug|Any CPU
		{33F7450A-ECEA-4ED1-B888-169B646DE927}.Release|Any CPU.ActiveCfg = Release|Any CPU
		{33F7450A-ECEA-4ED1-B888-169B646DE927}.Release|Any CPU.Build.0 = Release|Any CPU
	EndGlobalSection
	GlobalSection(SolutionProperties) = preSolution
		HideSolutionNode = FALSE
	EndGlobalSection
	GlobalSection(ExtensibilityGlobals) = postSolution
		SolutionGuid = {24C72D14-A407-459D-918C-FD474ED9B5B6}
	EndGlobalSection
EndGlobal
